github.com/likexian/whois v1.15.2 h1:p/K2I3tRDT0h/l5XvMNbX0zL3/Nohu5gzVGZIkucm9g=
github.com/likexian/whois v1.15.2/go.mod h1:m4FoiLAV1TghTwChwNrHTFv0HSWR6EWcES95CHQfnAc=
github.com/undiabler/golang-whois v0.0.0-20200529150455-5fb8fbf53359 h1:o472WQs6ovpZXKinQ8j4SDgxFCqeevlBb/FjLbmx4pA=
github.com/undiabler/golang-whois v0.0.0-20200529150455-5fb8fbf53359/go.mod h1:/IG5ynqwNha9/Ad7btFMotLLHffjNlwAZgr5fJCyCpQ=
golang.org/x/net v0.24.0 h1:1PcaxkF854Fu3+lvBIx5SYn9wRlBzzcnHZSiaFFAb0w=
golang.org/x/net v0.24.0/go.mod h1:2Q7sJY5mzlzWjKtYUEXSlBWCdyaioyXzRB2RtU8KVE8=
